// !$*UTF8*$!
{
	archiveVersion = 1;
	classes = {
	};
	objectVersion = 55;
	objects = {

/* Begin PBXBuildFile section */
		04117440288E7AAB00817E44 /* ImagesViewController.swift in Sources */ = {isa = PBXBuildFile; fileRef = 0411743F288E7AAB00817E44 /* ImagesViewController.swift */; };
		04117443288E7C0900817E44 /* ImageCollectionViewCell.swift in Sources */ = {isa = PBXBuildFile; fileRef = 04117442288E7C0900817E44 /* ImageCollectionViewCell.swift */; };
		04117445288E7C9800817E44 /* ImageCollectionViewCustomLayout.swift in Sources */ = {isa = PBXBuildFile; fileRef = 04117444288E7C9800817E44 /* ImageCollectionViewCustomLayout.swift */; };
		04117448288E88B700817E44 /* ImageCellTitleView.swift in Sources */ = {isa = PBXBuildFile; fileRef = 04117447288E88B700817E44 /* ImageCellTitleView.swift */; };
		0411744A288E932F00817E44 /* SavedViewController.swift in Sources */ = {isa = PBXBuildFile; fileRef = 04117449288E932F00817E44 /* SavedViewController.swift */; };
		0411744E288E969600817E44 /* UIButton+.swift in Sources */ = {isa = PBXBuildFile; fileRef = 0411744D288E969600817E44 /* UIButton+.swift */; };
		04117450288E981A00817E44 /* PhotoCollectionViewHeader.swift in Sources */ = {isa = PBXBuildFile; fileRef = 0411744F288E981A00817E44 /* PhotoCollectionViewHeader.swift */; };
		04117452288EB2BE00817E44 /* UnsplashAPI.swift in Sources */ = {isa = PBXBuildFile; fileRef = 04117451288EB2BD00817E44 /* UnsplashAPI.swift */; };
		04117456288EB59E00817E44 /* RandomPhoto.swift in Sources */ = {isa = PBXBuildFile; fileRef = 04117455288EB59E00817E44 /* RandomPhoto.swift */; };
		04117458288EB79400817E44 /* LoadImage.swift in Sources */ = {isa = PBXBuildFile; fileRef = 04117457288EB79400817E44 /* LoadImage.swift */; };
		047B3AA5288FEE3A00B1638D /* SceneViewModel.swift in Sources */ = {isa = PBXBuildFile; fileRef = 047B3AA4288FEE3A00B1638D /* SceneViewModel.swift */; };
		047B3AAB2890CE3300B1638D /* Photo.xcdatamodeld in Sources */ = {isa = PBXBuildFile; fileRef = 047B3AA92890CE3300B1638D /* Photo.xcdatamodeld */; };
		047B3AB72890D5B700B1638D /* Photo+CoreDataClass.swift in Sources */ = {isa = PBXBuildFile; fileRef = 047B3AB52890D5B700B1638D /* Photo+CoreDataClass.swift */; };
		047B3AB82890D5B700B1638D /* Photo+CoreDataProperties.swift in Sources */ = {isa = PBXBuildFile; fileRef = 047B3AB62890D5B700B1638D /* Photo+CoreDataProperties.swift */; };
		047B3ABC28914CC800B1638D /* PhotoCollectionViewCell.swift in Sources */ = {isa = PBXBuildFile; fileRef = 047B3ABB28914CC800B1638D /* PhotoCollectionViewCell.swift */; };
		047B3ABE28914FA000B1638D /* SavedCellTitleView.swift in Sources */ = {isa = PBXBuildFile; fileRef = 047B3ABD28914FA000B1638D /* SavedCellTitleView.swift */; };
		DE15E65C28604278003DD2F5 /* AppDelegate.swift in Sources */ = {isa = PBXBuildFile; fileRef = DE15E65B28604278003DD2F5 /* AppDelegate.swift */; };
		DE15E65E28604278003DD2F5 /* SceneDelegate.swift in Sources */ = {isa = PBXBuildFile; fileRef = DE15E65D28604278003DD2F5 /* SceneDelegate.swift */; };
		DE15E66028604278003DD2F5 /* TabBarController.swift in Sources */ = {isa = PBXBuildFile; fileRef = DE15E65F28604278003DD2F5 /* TabBarController.swift */; };
		DE15E66528604279003DD2F5 /* Assets.xcassets in Resources */ = {isa = PBXBuildFile; fileRef = DE15E66428604279003DD2F5 /* Assets.xcassets */; };
		DE15E66828604279003DD2F5 /* LaunchScreen.storyboard in Resources */ = {isa = PBXBuildFile; fileRef = DE15E66628604279003DD2F5 /* LaunchScreen.storyboard */; };
/* End PBXBuildFile section */

/* Begin PBXFileReference section */
		0411743F288E7AAB00817E44 /* ImagesViewController.swift */ = {isa = PBXFileReference; lastKnownFileType = sourcecode.swift; path = ImagesViewController.swift; sourceTree = "<group>"; };
		04117442288E7C0900817E44 /* ImageCollectionViewCell.swift */ = {isa = PBXFileReference; lastKnownFileType = sourcecode.swift; path = ImageCollectionViewCell.swift; sourceTree = "<group>"; };
		04117444288E7C9800817E44 /* ImageCollectionViewCustomLayout.swift */ = {isa = PBXFileReference; lastKnownFileType = sourcecode.swift; path = ImageCollectionViewCustomLayout.swift; sourceTree = "<group>"; };
		04117447288E88B700817E44 /* ImageCellTitleView.swift */ = {isa = PBXFileReference; lastKnownFileType = sourcecode.swift; path = ImageCellTitleView.swift; sourceTree = "<group>"; };
		04117449288E932F00817E44 /* SavedViewController.swift */ = {isa = PBXFileReference; lastKnownFileType = sourcecode.swift; path = SavedViewController.swift; sourceTree = "<group>"; };
		0411744D288E969600817E44 /* UIButton+.swift */ = {isa = PBXFileReference; lastKnownFileType = sourcecode.swift; path = "UIButton+.swift"; sourceTree = "<group>"; };
		0411744F288E981A00817E44 /* PhotoCollectionViewHeader.swift */ = {isa = PBXFileReference; lastKnownFileType = sourcecode.swift; path = PhotoCollectionViewHeader.swift; sourceTree = "<group>"; };
		04117451288EB2BD00817E44 /* UnsplashAPI.swift */ = {isa = PBXFileReference; lastKnownFileType = sourcecode.swift; path = UnsplashAPI.swift; sourceTree = "<group>"; };
		04117455288EB59E00817E44 /* RandomPhoto.swift */ = {isa = PBXFileReference; lastKnownFileType = sourcecode.swift; path = RandomPhoto.swift; sourceTree = "<group>"; };
		04117457288EB79400817E44 /* LoadImage.swift */ = {isa = PBXFileReference; lastKnownFileType = sourcecode.swift; path = LoadImage.swift; sourceTree = "<group>"; };
		047B3AA4288FEE3A00B1638D /* SceneViewModel.swift */ = {isa = PBXFileReference; lastKnownFileType = sourcecode.swift; path = SceneViewModel.swift; sourceTree = "<group>"; };
		047B3AAA2890CE3300B1638D /* Photo.xcdatamodel */ = {isa = PBXFileReference; lastKnownFileType = wrapper.xcdatamodel; path = Photo.xcdatamodel; sourceTree = "<group>"; };
		047B3AB52890D5B700B1638D /* Photo+CoreDataClass.swift */ = {isa = PBXFileReference; lastKnownFileType = sourcecode.swift; path = "Photo+CoreDataClass.swift"; sourceTree = "<group>"; };
		047B3AB62890D5B700B1638D /* Photo+CoreDataProperties.swift */ = {isa = PBXFileReference; lastKnownFileType = sourcecode.swift; path = "Photo+CoreDataProperties.swift"; sourceTree = "<group>"; };
		047B3ABB28914CC800B1638D /* PhotoCollectionViewCell.swift */ = {isa = PBXFileReference; lastKnownFileType = sourcecode.swift; path = PhotoCollectionViewCell.swift; sourceTree = "<group>"; };
		047B3ABD28914FA000B1638D /* SavedCellTitleView.swift */ = {isa = PBXFileReference; lastKnownFileType = sourcecode.swift; path = SavedCellTitleView.swift; sourceTree = "<group>"; };
		DE15E65828604278003DD2F5 /* Picterest.app */ = {isa = PBXFileReference; explicitFileType = wrapper.application; includeInIndex = 0; path = Picterest.app; sourceTree = BUILT_PRODUCTS_DIR; };
		DE15E65B28604278003DD2F5 /* AppDelegate.swift */ = {isa = PBXFileReference; lastKnownFileType = sourcecode.swift; path = AppDelegate.swift; sourceTree = "<group>"; };
		DE15E65D28604278003DD2F5 /* SceneDelegate.swift */ = {isa = PBXFileReference; lastKnownFileType = sourcecode.swift; path = SceneDelegate.swift; sourceTree = "<group>"; };
		DE15E65F28604278003DD2F5 /* TabBarController.swift */ = {isa = PBXFileReference; lastKnownFileType = sourcecode.swift; path = TabBarController.swift; sourceTree = "<group>"; };
		DE15E66428604279003DD2F5 /* Assets.xcassets */ = {isa = PBXFileReference; lastKnownFileType = folder.assetcatalog; path = Assets.xcassets; sourceTree = "<group>"; };
		DE15E66728604279003DD2F5 /* Base */ = {isa = PBXFileReference; lastKnownFileType = file.storyboard; name = Base; path = Base.lproj/LaunchScreen.storyboard; sourceTree = "<group>"; };
		DE15E66928604279003DD2F5 /* Info.plist */ = {isa = PBXFileReference; lastKnownFileType = text.plist.xml; path = Info.plist; sourceTree = "<group>"; };
/* End PBXFileReference section */

/* Begin PBXFrameworksBuildPhase section */
		DE15E65528604278003DD2F5 /* Frameworks */ = {
			isa = PBXFrameworksBuildPhase;
			buildActionMask = 2147483647;
			files = (
			);
			runOnlyForDeploymentPostprocessing = 0;
		};
/* End PBXFrameworksBuildPhase section */

/* Begin PBXGroup section */
		04117441288E7BF500817E44 /* Scene */ = {
			isa = PBXGroup;
			children = (
				DE15E65F28604278003DD2F5 /* TabBarController.swift */,
				0411744B288E933700817E44 /* Saved */,
				04117446288E7CBC00817E44 /* Images */,
			);
			path = Scene;
			sourceTree = "<group>";
		};
		04117446288E7CBC00817E44 /* Images */ = {
			isa = PBXGroup;
			children = (
				0411743F288E7AAB00817E44 /* ImagesViewController.swift */,
				04117444288E7C9800817E44 /* ImageCollectionViewCustomLayout.swift */,
				04117442288E7C0900817E44 /* ImageCollectionViewCell.swift */,
				04117447288E88B700817E44 /* ImageCellTitleView.swift */,
			);
			path = Images;
			sourceTree = "<group>";
		};
		0411744B288E933700817E44 /* Saved */ = {
			isa = PBXGroup;
			children = (
				04117449288E932F00817E44 /* SavedViewController.swift */,
				047B3ABD28914FA000B1638D /* SavedCellTitleView.swift */,
				047B3ABB28914CC800B1638D /* PhotoCollectionViewCell.swift */,
				0411744F288E981A00817E44 /* PhotoCollectionViewHeader.swift */,
			);
			path = Saved;
			sourceTree = "<group>";
		};
		0411744C288E968600817E44 /* Extension */ = {
			isa = PBXGroup;
			children = (
				0411744D288E969600817E44 /* UIButton+.swift */,
			);
			path = Extension;
			sourceTree = "<group>";
		};
		04117453288EB2CB00817E44 /* Network */ = {
			isa = PBXGroup;
			children = (
				04117451288EB2BD00817E44 /* UnsplashAPI.swift */,
				04117457288EB79400817E44 /* LoadImage.swift */,
			);
			path = Network;
			sourceTree = "<group>";
		};
		04117454288EB59100817E44 /* Entity */ = {
			isa = PBXGroup;
			children = (
				04117455288EB59E00817E44 /* RandomPhoto.swift */,
			);
			path = Entity;
			sourceTree = "<group>";
		};
		047B3AB9289144E400B1638D /* ViewModel */ = {
			isa = PBXGroup;
			children = (
				047B3AA4288FEE3A00B1638D /* SceneViewModel.swift */,
			);
			path = ViewModel;
			sourceTree = "<group>";
		};
		047B3ABA2891451100B1638D /* CoreData */ = {
			isa = PBXGroup;
			children = (
				047B3AB52890D5B700B1638D /* Photo+CoreDataClass.swift */,
				047B3AB62890D5B700B1638D /* Photo+CoreDataProperties.swift */,
				047B3AA92890CE3300B1638D /* Photo.xcdatamodeld */,
			);
			path = CoreData;
			sourceTree = "<group>";
		};
		DE15E64F28604278003DD2F5 = {
			isa = PBXGroup;
			children = (
				DE15E65A28604278003DD2F5 /* Picterest */,
				DE15E65928604278003DD2F5 /* Products */,
			);
			sourceTree = "<group>";
		};
		DE15E65928604278003DD2F5 /* Products */ = {
			isa = PBXGroup;
			children = (
				DE15E65828604278003DD2F5 /* Picterest.app */,
			);
			name = Products;
			sourceTree = "<group>";
		};
		DE15E65A28604278003DD2F5 /* Picterest */ = {
			isa = PBXGroup;
			children = (
				DE15E65B28604278003DD2F5 /* AppDelegate.swift */,
				DE15E65D28604278003DD2F5 /* SceneDelegate.swift */,
				047B3ABA2891451100B1638D /* CoreData */,
				04117454288EB59100817E44 /* Entity */,
				04117453288EB2CB00817E44 /* Network */,
				0411744C288E968600817E44 /* Extension */,
				047B3AB9289144E400B1638D /* ViewModel */,
				04117441288E7BF500817E44 /* Scene */,
				DE15E66428604279003DD2F5 /* Assets.xcassets */,
				DE15E66628604279003DD2F5 /* LaunchScreen.storyboard */,
				DE15E66928604279003DD2F5 /* Info.plist */,
			);
			path = Picterest;
			sourceTree = "<group>";
		};
/* End PBXGroup section */

/* Begin PBXNativeTarget section */
		DE15E65728604278003DD2F5 /* Picterest */ = {
			isa = PBXNativeTarget;
			buildConfigurationList = DE15E66C28604279003DD2F5 /* Build configuration list for PBXNativeTarget "Picterest" */;
			buildPhases = (
				DE15E65428604278003DD2F5 /* Sources */,
				DE15E65528604278003DD2F5 /* Frameworks */,
				DE15E65628604278003DD2F5 /* Resources */,
			);
			buildRules = (
			);
			dependencies = (
			);
			name = Picterest;
			productName = SNPLab;
			productReference = DE15E65828604278003DD2F5 /* Picterest.app */;
			productType = "com.apple.product-type.application";
		};
/* End PBXNativeTarget section */

/* Begin PBXProject section */
		DE15E65028604278003DD2F5 /* Project object */ = {
			isa = PBXProject;
			attributes = {
				BuildIndependentTargetsInParallel = 1;
				LastSwiftUpdateCheck = 1340;
				LastUpgradeCheck = 1340;
				TargetAttributes = {
					DE15E65728604278003DD2F5 = {
						CreatedOnToolsVersion = 13.4.1;
					};
				};
			};
			buildConfigurationList = DE15E65328604278003DD2F5 /* Build configuration list for PBXProject "Picterest" */;
			compatibilityVersion = "Xcode 13.0";
			developmentRegion = en;
			hasScannedForEncodings = 0;
			knownRegions = (
				en,
				Base,
			);
			mainGroup = DE15E64F28604278003DD2F5;
			productRefGroup = DE15E65928604278003DD2F5 /* Products */;
			projectDirPath = "";
			projectRoot = "";
			targets = (
				DE15E65728604278003DD2F5 /* Picterest */,
			);
		};
/* End PBXProject section */

/* Begin PBXResourcesBuildPhase section */
		DE15E65628604278003DD2F5 /* Resources */ = {
			isa = PBXResourcesBuildPhase;
			buildActionMask = 2147483647;
			files = (
				DE15E66828604279003DD2F5 /* LaunchScreen.storyboard in Resources */,
				DE15E66528604279003DD2F5 /* Assets.xcassets in Resources */,
			);
			runOnlyForDeploymentPostprocessing = 0;
		};
/* End PBXResourcesBuildPhase section */

/* Begin PBXSourcesBuildPhase section */
		DE15E65428604278003DD2F5 /* Sources */ = {
			isa = PBXSourcesBuildPhase;
			buildActionMask = 2147483647;
			files = (
				DE15E66028604278003DD2F5 /* TabBarController.swift in Sources */,
				04117448288E88B700817E44 /* ImageCellTitleView.swift in Sources */,
				047B3AB72890D5B700B1638D /* Photo+CoreDataClass.swift in Sources */,
				04117443288E7C0900817E44 /* ImageCollectionViewCell.swift in Sources */,
				047B3AAB2890CE3300B1638D /* Photo.xcdatamodeld in Sources */,
				047B3ABC28914CC800B1638D /* PhotoCollectionViewCell.swift in Sources */,
				047B3AB82890D5B700B1638D /* Photo+CoreDataProperties.swift in Sources */,
				DE15E65C28604278003DD2F5 /* AppDelegate.swift in Sources */,
				04117450288E981A00817E44 /* PhotoCollectionViewHeader.swift in Sources */,
				04117452288EB2BE00817E44 /* UnsplashAPI.swift in Sources */,
				047B3AA5288FEE3A00B1638D /* SceneViewModel.swift in Sources */,
				0411744E288E969600817E44 /* UIButton+.swift in Sources */,
				04117456288EB59E00817E44 /* RandomPhoto.swift in Sources */,
				04117440288E7AAB00817E44 /* ImagesViewController.swift in Sources */,
				DE15E65E28604278003DD2F5 /* SceneDelegate.swift in Sources */,
				0411744A288E932F00817E44 /* SavedViewController.swift in Sources */,
				047B3ABE28914FA000B1638D /* SavedCellTitleView.swift in Sources */,
				04117458288EB79400817E44 /* LoadImage.swift in Sources */,
				04117445288E7C9800817E44 /* ImageCollectionViewCustomLayout.swift in Sources */,
			);
			runOnlyForDeploymentPostprocessing = 0;
		};
/* End PBXSourcesBuildPhase section */

/* Begin PBXVariantGroup section */
		DE15E66628604279003DD2F5 /* LaunchScreen.storyboard */ = {
			isa = PBXVariantGroup;
			children = (
				DE15E66728604279003DD2F5 /* Base */,
			);
			name = LaunchScreen.storyboard;
			sourceTree = "<group>";
		};
/* End PBXVariantGroup section */

/* Begin XCBuildConfiguration section */
		DE15E66A28604279003DD2F5 /* Debug */ = {
			isa = XCBuildConfiguration;
			buildSettings = {
				ALWAYS_SEARCH_USER_PATHS = NO;
				CLANG_ANALYZER_NONNULL = YES;
				CLANG_ANALYZER_NUMBER_OBJECT_CONVERSION = YES_AGGRESSIVE;
				CLANG_CXX_LANGUAGE_STANDARD = "gnu++17";
				CLANG_ENABLE_MODULES = YES;
				CLANG_ENABLE_OBJC_ARC = YES;
				CLANG_ENABLE_OBJC_WEAK = YES;
				CLANG_WARN_BLOCK_CAPTURE_AUTORELEASING = YES;
				CLANG_WARN_BOOL_CONVERSION = YES;
				CLANG_WARN_COMMA = YES;
				CLANG_WARN_CONSTANT_CONVERSION = YES;
				CLANG_WARN_DEPRECATED_OBJC_IMPLEMENTATIONS = YES;
				CLANG_WARN_DIRECT_OBJC_ISA_USAGE = YES_ERROR;
				CLANG_WARN_DOCUMENTATION_COMMENTS = YES;
				CLANG_WARN_EMPTY_BODY = YES;
				CLANG_WARN_ENUM_CONVERSION = YES;
				CLANG_WARN_INFINITE_RECURSION = YES;
				CLANG_WARN_INT_CONVERSION = YES;
				CLANG_WARN_NON_LITERAL_NULL_CONVERSION = YES;
				CLANG_WARN_OBJC_IMPLICIT_RETAIN_SELF = YES;
				CLANG_WARN_OBJC_LITERAL_CONVERSION = YES;
				CLANG_WARN_OBJC_ROOT_CLASS = YES_ERROR;
				CLANG_WARN_QUOTED_INCLUDE_IN_FRAMEWORK_HEADER = YES;
				CLANG_WARN_RANGE_LOOP_ANALYSIS = YES;
				CLANG_WARN_STRICT_PROTOTYPES = YES;
				CLANG_WARN_SUSPICIOUS_MOVE = YES;
				CLANG_WARN_UNGUARDED_AVAILABILITY = YES_AGGRESSIVE;
				CLANG_WARN_UNREACHABLE_CODE = YES;
				CLANG_WARN__DUPLICATE_METHOD_MATCH = YES;
				COPY_PHASE_STRIP = NO;
				DEBUG_INFORMATION_FORMAT = dwarf;
				ENABLE_STRICT_OBJC_MSGSEND = YES;
				ENABLE_TESTABILITY = YES;
				GCC_C_LANGUAGE_STANDARD = gnu11;
				GCC_DYNAMIC_NO_PIC = NO;
				GCC_NO_COMMON_BLOCKS = YES;
				GCC_OPTIMIZATION_LEVEL = 0;
				GCC_PREPROCESSOR_DEFINITIONS = (
					"DEBUG=1",
					"$(inherited)",
				);
				GCC_WARN_64_TO_32_BIT_CONVERSION = YES;
				GCC_WARN_ABOUT_RETURN_TYPE = YES_ERROR;
				GCC_WARN_UNDECLARED_SELECTOR = YES;
				GCC_WARN_UNINITIALIZED_AUTOS = YES_AGGRESSIVE;
				GCC_WARN_UNUSED_FUNCTION = YES;
				GCC_WARN_UNUSED_VARIABLE = YES;
				IPHONEOS_DEPLOYMENT_TARGET = 15.0;
				MTL_ENABLE_DEBUG_INFO = INCLUDE_SOURCE;
				MTL_FAST_MATH = YES;
				ONLY_ACTIVE_ARCH = YES;
				SDKROOT = iphoneos;
				SWIFT_ACTIVE_COMPILATION_CONDITIONS = DEBUG;
				SWIFT_OPTIMIZATION_LEVEL = "-Onone";
			};
			name = Debug;
		};
		DE15E66B28604279003DD2F5 /* Release */ = {
			isa = XCBuildConfiguration;
			buildSettings = {
				ALWAYS_SEARCH_USER_PATHS = NO;
				CLANG_ANALYZER_NONNULL = YES;
				CLANG_ANALYZER_NUMBER_OBJECT_CONVERSION = YES_AGGRESSIVE;
				CLANG_CXX_LANGUAGE_STANDARD = "gnu++17";
				CLANG_ENABLE_MODULES = YES;
				CLANG_ENABLE_OBJC_ARC = YES;
				CLANG_ENABLE_OBJC_WEAK = YES;
				CLANG_WARN_BLOCK_CAPTURE_AUTORELEASING = YES;
				CLANG_WARN_BOOL_CONVERSION = YES;
				CLANG_WARN_COMMA = YES;
				CLANG_WARN_CONSTANT_CONVERSION = YES;
				CLANG_WARN_DEPRECATED_OBJC_IMPLEMENTATIONS = YES;
				CLANG_WARN_DIRECT_OBJC_ISA_USAGE = YES_ERROR;
				CLANG_WARN_DOCUMENTATION_COMMENTS = YES;
				CLANG_WARN_EMPTY_BODY = YES;
				CLANG_WARN_ENUM_CONVERSION = YES;
				CLANG_WARN_INFINITE_RECURSION = YES;
				CLANG_WARN_INT_CONVERSION = YES;
				CLANG_WARN_NON_LITERAL_NULL_CONVERSION = YES;
				CLANG_WARN_OBJC_IMPLICIT_RETAIN_SELF = YES;
				CLANG_WARN_OBJC_LITERAL_CONVERSION = YES;
				CLANG_WARN_OBJC_ROOT_CLASS = YES_ERROR;
				CLANG_WARN_QUOTED_INCLUDE_IN_FRAMEWORK_HEADER = YES;
				CLANG_WARN_RANGE_LOOP_ANALYSIS = YES;
				CLANG_WARN_STRICT_PROTOTYPES = YES;
				CLANG_WARN_SUSPICIOUS_MOVE = YES;
				CLANG_WARN_UNGUARDED_AVAILABILITY = YES_AGGRESSIVE;
				CLANG_WARN_UNREACHABLE_CODE = YES;
				CLANG_WARN__DUPLICATE_METHOD_MATCH = YES;
				COPY_PHASE_STRIP = NO;
				DEBUG_INFORMATION_FORMAT = "dwarf-with-dsym";
				ENABLE_NS_ASSERTIONS = NO;
				ENABLE_STRICT_OBJC_MSGSEND = YES;
				GCC_C_LANGUAGE_STANDARD = gnu11;
				GCC_NO_COMMON_BLOCKS = YES;
				GCC_WARN_64_TO_32_BIT_CONVERSION = YES;
				GCC_WARN_ABOUT_RETURN_TYPE = YES_ERROR;
				GCC_WARN_UNDECLARED_SELECTOR = YES;
				GCC_WARN_UNINITIALIZED_AUTOS = YES_AGGRESSIVE;
				GCC_WARN_UNUSED_FUNCTION = YES;
				GCC_WARN_UNUSED_VARIABLE = YES;
				IPHONEOS_DEPLOYMENT_TARGET = 15.0;
				MTL_ENABLE_DEBUG_INFO = NO;
				MTL_FAST_MATH = YES;
				SDKROOT = iphoneos;
				SWIFT_COMPILATION_MODE = wholemodule;
				SWIFT_OPTIMIZATION_LEVEL = "-O";
				VALIDATE_PRODUCT = YES;
			};
			name = Release;
		};
		DE15E66D28604279003DD2F5 /* Debug */ = {
			isa = XCBuildConfiguration;
			buildSettings = {
				ASSETCATALOG_COMPILER_APPICON_NAME = AppIcon;
				ASSETCATALOG_COMPILER_GLOBAL_ACCENT_COLOR_NAME = AccentColor;
				CODE_SIGN_STYLE = Automatic;
				CURRENT_PROJECT_VERSION = 1;
				GENERATE_INFOPLIST_FILE = YES;
				INFOPLIST_FILE = Picterest/Info.plist;
				INFOPLIST_KEY_UIApplicationSupportsIndirectInputEvents = YES;
				INFOPLIST_KEY_UILaunchStoryboardName = LaunchScreen;
				INFOPLIST_KEY_UISupportedInterfaceOrientations_iPad = "UIInterfaceOrientationPortrait UIInterfaceOrientationPortraitUpsideDown UIInterfaceOrientationLandscapeLeft UIInterfaceOrientationLandscapeRight";
				INFOPLIST_KEY_UISupportedInterfaceOrientations_iPhone = "UIInterfaceOrientationPortrait UIInterfaceOrientationLandscapeLeft UIInterfaceOrientationLandscapeRight";
				LD_RUNPATH_SEARCH_PATHS = (
					"$(inherited)",
					"@executable_path/Frameworks",
				);
				MARKETING_VERSION = 1.0;
				PRODUCT_BUNDLE_IDENTIFIER = net.yagom.Picterest;
				PRODUCT_NAME = "$(TARGET_NAME)";
				SWIFT_EMIT_LOC_STRINGS = YES;
				SWIFT_VERSION = 5.0;
				TARGETED_DEVICE_FAMILY = "1,2";
			};
			name = Debug;
		};
		DE15E66E28604279003DD2F5 /* Release */ = {
			isa = XCBuildConfiguration;
			buildSettings = {
				ASSETCATALOG_COMPILER_APPICON_NAME = AppIcon;
				ASSETCATALOG_COMPILER_GLOBAL_ACCENT_COLOR_NAME = AccentColor;
				CODE_SIGN_STYLE = Automatic;
				CURRENT_PROJECT_VERSION = 1;
				GENERATE_INFOPLIST_FILE = YES;
				INFOPLIST_FILE = Picterest/Info.plist;
				INFOPLIST_KEY_UIApplicationSupportsIndirectInputEvents = YES;
				INFOPLIST_KEY_UILaunchStoryboardName = LaunchScreen;
				INFOPLIST_KEY_UISupportedInterfaceOrientations_iPad = "UIInterfaceOrientationPortrait UIInterfaceOrientationPortraitUpsideDown UIInterfaceOrientationLandscapeLeft UIInterfaceOrientationLandscapeRight";
				INFOPLIST_KEY_UISupportedInterfaceOrientations_iPhone = "UIInterfaceOrientationPortrait UIInterfaceOrientationLandscapeLeft UIInterfaceOrientationLandscapeRight";
				LD_RUNPATH_SEARCH_PATHS = (
					"$(inherited)",
					"@executable_path/Frameworks",
				);
				MARKETING_VERSION = 1.0;
				PRODUCT_BUNDLE_IDENTIFIER = net.yagom.Picterest;
				PRODUCT_NAME = "$(TARGET_NAME)";
				SWIFT_EMIT_LOC_STRINGS = YES;
				SWIFT_VERSION = 5.0;
				TARGETED_DEVICE_FAMILY = "1,2";
			};
			name = Release;
		};
/* End XCBuildConfiguration section */

/* Begin XCConfigurationList section */
		DE15E65328604278003DD2F5 /* Build configuration list for PBXProject "Picterest" */ = {
			isa = XCConfigurationList;
			buildConfigurations = (
				DE15E66A28604279003DD2F5 /* Debug */,
				DE15E66B28604279003DD2F5 /* Release */,
			);
			defaultConfigurationIsVisible = 0;
			defaultConfigurationName = Release;
		};
		DE15E66C28604279003DD2F5 /* Build configuration list for PBXNativeTarget "Picterest" */ = {
			isa = XCConfigurationList;
			buildConfigurations = (
				DE15E66D28604279003DD2F5 /* Debug */,
				DE15E66E28604279003DD2F5 /* Release */,
			);
			defaultConfigurationIsVisible = 0;
			defaultConfigurationName = Release;
		};
/* End XCConfigurationList section */

/* Begin XCVersionGroup section */
		047B3AA92890CE3300B1638D /* Photo.xcdatamodeld */ = {
			isa = XCVersionGroup;
			children = (
				047B3AAA2890CE3300B1638D /* Photo.xcdatamodel */,
			);
			currentVersion = 047B3AAA2890CE3300B1638D /* Photo.xcdatamodel */;
			path = Photo.xcdatamodeld;
			sourceTree = "<group>";
			versionGroupType = wrapper.xcdatamodel;
		};
/* End XCVersionGroup section */
	};
	rootObject = DE15E65028604278003DD2F5 /* Project object */;
}
